// !$*UTF8*$!
{
	archiveVersion = 1;
	classes = {
	};
	objectVersion = 50;
	objects = {

/* Begin PBXBuildFile section */
		D5AC1125224EA96D0054C079 /* AppDelegate.swift in Sources */ = {isa = PBXBuildFile; fileRef = D5AC1124224EA96D0054C079 /* AppDelegate.swift */; };
		D5AC1127224EA96D0054C079 /* ViewController.swift in Sources */ = {isa = PBXBuildFile; fileRef = D5AC1126224EA96D0054C079 /* ViewController.swift */; };
		D5AC112A224EA96D0054C079 /* Main.storyboard in Resources */ = {isa = PBXBuildFile; fileRef = D5AC1128224EA96D0054C079 /* Main.storyboard */; };
		D5AC112C224EA96F0054C079 /* Assets.xcassets in Resources */ = {isa = PBXBuildFile; fileRef = D5AC112B224EA96F0054C079 /* Assets.xcassets */; };
		D5AC112F224EA96F0054C079 /* LaunchScreen.storyboard in Resources */ = {isa = PBXBuildFile; fileRef = D5AC112D224EA96F0054C079 /* LaunchScreen.storyboard */; };
		D5AC113A224EA96F0054C079 /* ClassQuoteTests.swift in Sources */ = {isa = PBXBuildFile; fileRef = D5AC1139224EA96F0054C079 /* ClassQuoteTests.swift */; };
		D5AC1145224EA9700054C079 /* ClassQuoteUITests.swift in Sources */ = {isa = PBXBuildFile; fileRef = D5AC1144224EA9700054C079 /* ClassQuoteUITests.swift */; };
/* End PBXBuildFile section */

/* Begin PBXContainerItemProxy section */
		D5AC1136224EA96F0054C079 /* PBXContainerItemProxy */ = {
			isa = PBXContainerItemProxy;
			containerPortal = D5AC1119224EA96D0054C079 /* Project object */;
			proxyType = 1;
			remoteGlobalIDString = D5AC1120224EA96D0054C079;
			remoteInfo = ClassQuote;
		};
		D5AC1141224EA96F0054C079 /* PBXContainerItemProxy */ = {
			isa = PBXContainerItemProxy;
			containerPortal = D5AC1119224EA96D0054C079 /* Project object */;
			proxyType = 1;
			remoteGlobalIDString = D5AC1120224EA96D0054C079;
			remoteInfo = ClassQuote;
		};
/* End PBXContainerItemProxy section */

/* Begin PBXFileReference section */
		D5AC1121224EA96D0054C079 /* ClassQuote.app */ = {isa = PBXFileReference; explicitFileType = wrapper.application; includeInIndex = 0; path = ClassQuote.app; sourceTree = BUILT_PRODUCTS_DIR; };
		D5AC1124224EA96D0054C079 /* AppDelegate.swift */ = {isa = PBXFileReference; lastKnownFileType = sourcecode.swift; path = AppDelegate.swift; sourceTree = "<group>"; };
		D5AC1126224EA96D0054C079 /* ViewController.swift */ = {isa = PBXFileReference; lastKnownFileType = sourcecode.swift; path = ViewController.swift; sourceTree = "<group>"; };
		D5AC1129224EA96D0054C079 /* Base */ = {isa = PBXFileReference; lastKnownFileType = file.storyboard; name = Base; path = Base.lproj/Main.storyboard; sourceTree = "<group>"; };
		D5AC112B224EA96F0054C079 /* Assets.xcassets */ = {isa = PBXFileReference; lastKnownFileType = folder.assetcatalog; path = Assets.xcassets; sourceTree = "<group>"; };
		D5AC112E224EA96F0054C079 /* Base */ = {isa = PBXFileReference; lastKnownFileType = file.storyboard; name = Base; path = Base.lproj/LaunchScreen.storyboard; sourceTree = "<group>"; };
		D5AC1130224EA96F0054C079 /* Info.plist */ = {isa = PBXFileReference; lastKnownFileType = text.plist.xml; path = Info.plist; sourceTree = "<group>"; };
		D5AC1135224EA96F0054C079 /* ClassQuoteTests.xctest */ = {isa = PBXFileReference; explicitFileType = wrapper.cfbundle; includeInIndex = 0; path = ClassQuoteTests.xctest; sourceTree = BUILT_PRODUCTS_DIR; };
		D5AC1139224EA96F0054C079 /* ClassQuoteTests.swift */ = {isa = PBXFileReference; lastKnownFileType = sourcecode.swift; path = ClassQuoteTests.swift; sourceTree = "<group>"; };
		D5AC113B224EA96F0054C079 /* Info.plist */ = {isa = PBXFileReference; lastKnownFileType = text.plist.xml; path = Info.plist; sourceTree = "<group>"; };
		D5AC1140224EA96F0054C079 /* ClassQuoteUITests.xctest */ = {isa = PBXFileReference; explicitFileType = wrapper.cfbundle; includeInIndex = 0; path = ClassQuoteUITests.xctest; sourceTree = BUILT_PRODUCTS_DIR; };
		D5AC1144224EA9700054C079 /* ClassQuoteUITests.swift */ = {isa = PBXFileReference; lastKnownFileType = sourcecode.swift; path = ClassQuoteUITests.swift; sourceTree = "<group>"; };
		D5AC1146224EA9700054C079 /* Info.plist */ = {isa = PBXFileReference; lastKnownFileType = text.plist.xml; path = Info.plist; sourceTree = "<group>"; };
/* End PBXFileReference section */

/* Begin PBXFrameworksBuildPhase section */
		D5AC111E224EA96D0054C079 /* Frameworks */ = {
			isa = PBXFrameworksBuildPhase;
			buildActionMask = 2147483647;
			files = (
			);
			runOnlyForDeploymentPostprocessing = 0;
		};
		D5AC1132224EA96F0054C079 /* Frameworks */ = {
			isa = PBXFrameworksBuildPhase;
			buildActionMask = 2147483647;
			files = (
			);
			runOnlyForDeploymentPostprocessing = 0;
		};
		D5AC113D224EA96F0054C079 /* Frameworks */ = {
			isa = PBXFrameworksBuildPhase;
			buildActionMask = 2147483647;
			files = (
			);
			runOnlyForDeploymentPostprocessing = 0;
		};
/* End PBXFrameworksBuildPhase section */

/* Begin PBXGroup section */
		D5AC1118224EA96D0054C079 = {
			isa = PBXGroup;
			children = (
				D5AC1123224EA96D0054C079 /* ClassQuote */,
				D5AC1138224EA96F0054C079 /* ClassQuoteTests */,
				D5AC1143224EA96F0054C079 /* ClassQuoteUITests */,
				D5AC1122224EA96D0054C079 /* Products */,
			);
			sourceTree = "<group>";
		};
		D5AC1122224EA96D0054C079 /* Products */ = {
			isa = PBXGroup;
			children = (
				D5AC1121224EA96D0054C079 /* ClassQuote.app */,
				D5AC1135224EA96F0054C079 /* ClassQuoteTests.xctest */,
				D5AC1140224EA96F0054C079 /* ClassQuoteUITests.xctest */,
			);
			name = Products;
			sourceTree = "<group>";
		};
		D5AC1123224EA96D0054C079 /* ClassQuote */ = {
			isa = PBXGroup;
			children = (
				D5AC1124224EA96D0054C079 /* AppDelegate.swift */,
				D5AC1126224EA96D0054C079 /* ViewController.swift */,
				D5AC1128224EA96D0054C079 /* Main.storyboard */,
				D5AC112B224EA96F0054C079 /* Assets.xcassets */,
				D5AC112D224EA96F0054C079 /* LaunchScreen.storyboard */,
				D5AC1130224EA96F0054C079 /* Info.plist */,
			);
			path = ClassQuote;
			sourceTree = "<group>";
		};
		D5AC1138224EA96F0054C079 /* ClassQuoteTests */ = {
			isa = PBXGroup;
			children = (
				D5AC1139224EA96F0054C079 /* ClassQuoteTests.swift */,
				D5AC113B224EA96F0054C079 /* Info.plist */,
			);
			path = ClassQuoteTests;
			sourceTree = "<group>";
		};
		D5AC1143224EA96F0054C079 /* ClassQuoteUITests */ = {
			isa = PBXGroup;
			children = (
				D5AC1144224EA9700054C079 /* ClassQuoteUITests.swift */,
				D5AC1146224EA9700054C079 /* Info.plist */,
			);
			path = ClassQuoteUITests;
			sourceTree = "<group>";
		};
/* End PBXGroup section */

/* Begin PBXNativeTarget section */
		D5AC1120224EA96D0054C079 /* ClassQuote */ = {
			isa = PBXNativeTarget;
			buildConfigurationList = D5AC1149224EA9700054C079 /* Build configuration list for PBXNativeTarget "ClassQuote" */;
			buildPhases = (
				D5AC111D224EA96D0054C079 /* Sources */,
				D5AC111E224EA96D0054C079 /* Frameworks */,
				D5AC111F224EA96D0054C079 /* Resources */,
			);
			buildRules = (
			);
			dependencies = (
			);
			name = ClassQuote;
			productName = ClassQuote;
			productReference = D5AC1121224EA96D0054C079 /* ClassQuote.app */;
			productType = "com.apple.product-type.application";
		};
		D5AC1134224EA96F0054C079 /* ClassQuoteTests */ = {
			isa = PBXNativeTarget;
			buildConfigurationList = D5AC114C224EA9700054C079 /* Build configuration list for PBXNativeTarget "ClassQuoteTests" */;
			buildPhases = (
				D5AC1131224EA96F0054C079 /* Sources */,
				D5AC1132224EA96F0054C079 /* Frameworks */,
				D5AC1133224EA96F0054C079 /* Resources */,
			);
			buildRules = (
			);
			dependencies = (
				D5AC1137224EA96F0054C079 /* PBXTargetDependency */,
			);
			name = ClassQuoteTests;
			productName = ClassQuoteTests;
			productReference = D5AC1135224EA96F0054C079 /* ClassQuoteTests.xctest */;
			productType = "com.apple.product-type.bundle.unit-test";
		};
		D5AC113F224EA96F0054C079 /* ClassQuoteUITests */ = {
			isa = PBXNativeTarget;
			buildConfigurationList = D5AC114F224EA9700054C079 /* Build configuration list for PBXNativeTarget "ClassQuoteUITests" */;
			buildPhases = (
				D5AC113C224EA96F0054C079 /* Sources */,
				D5AC113D224EA96F0054C079 /* Frameworks */,
				D5AC113E224EA96F0054C079 /* Resources */,
			);
			buildRules = (
			);
			dependencies = (
				D5AC1142224EA96F0054C079 /* PBXTargetDependency */,
			);
			name = ClassQuoteUITests;
			productName = ClassQuoteUITests;
			productReference = D5AC1140224EA96F0054C079 /* ClassQuoteUITests.xctest */;
			productType = "com.apple.product-type.bundle.ui-testing";
		};
/* End PBXNativeTarget section */

/* Begin PBXProject section */
		D5AC1119224EA96D0054C079 /* Project object */ = {
			isa = PBXProject;
			attributes = {
				LastSwiftUpdateCheck = 1020;
				LastUpgradeCheck = 1020;
				ORGANIZATIONNAME = XenoX;
				TargetAttributes = {
					D5AC1120224EA96D0054C079 = {
						CreatedOnToolsVersion = 10.2;
					};
					D5AC1134224EA96F0054C079 = {
						CreatedOnToolsVersion = 10.2;
						TestTargetID = D5AC1120224EA96D0054C079;
					};
					D5AC113F224EA96F0054C079 = {
						CreatedOnToolsVersion = 10.2;
						TestTargetID = D5AC1120224EA96D0054C079;
					};
				};
			};
			buildConfigurationList = D5AC111C224EA96D0054C079 /* Build configuration list for PBXProject "ClassQuote" */;
			compatibilityVersion = "Xcode 9.3";
			developmentRegion = en;
			hasScannedForEncodings = 0;
			knownRegions = (
				en,
				Base,
			);
			mainGroup = D5AC1118224EA96D0054C079;
			productRefGroup = D5AC1122224EA96D0054C079 /* Products */;
			projectDirPath = "";
			projectRoot = "";
			targets = (
				D5AC1120224EA96D0054C079 /* ClassQuote */,
				D5AC1134224EA96F0054C079 /* ClassQuoteTests */,
				D5AC113F224EA96F0054C079 /* ClassQuoteUITests */,
			);
		};
/* End PBXProject section */

/* Begin PBXResourcesBuildPhase section */
		D5AC111F224EA96D0054C079 /* Resources */ = {
			isa = PBXResourcesBuildPhase;
			buildActionMask = 2147483647;
			files = (
				D5AC112F224EA96F0054C079 /* LaunchScreen.storyboard in Resources */,
				D5AC112C224EA96F0054C079 /* Assets.xcassets in Resources */,
				D5AC112A224EA96D0054C079 /* Main.storyboard in Resources */,
			);
			runOnlyForDeploymentPostprocessing = 0;
		};
		D5AC1133224EA96F0054C079 /* Resources */ = {
			isa = PBXResourcesBuildPhase;
			buildActionMask = 2147483647;
			files = (
			);
			runOnlyForDeploymentPostprocessing = 0;
		};
		D5AC113E224EA96F0054C079 /* Resources */ = {
			isa = PBXResourcesBuildPhase;
			buildActionMask = 2147483647;
			files = (
			);
			runOnlyForDeploymentPostprocessing = 0;
		};
/* End PBXResourcesBuildPhase section */

/* Begin PBXSourcesBuildPhase section */
		D5AC111D224EA96D0054C079 /* Sources */ = {
			isa = PBXSourcesBuildPhase;
			buildActionMask = 2147483647;
			files = (
				D5AC1127224EA96D0054C079 /* ViewController.swift in Sources */,
				D5AC1125224EA96D0054C079 /* AppDelegate.swift in Sources */,
			);
			runOnlyForDeploymentPostprocessing = 0;
		};
		D5AC1131224EA96F0054C079 /* Sources */ = {
			isa = PBXSourcesBuildPhase;
			buildActionMask = 2147483647;
			files = (
				D5AC113A224EA96F0054C079 /* ClassQuoteTests.swift in Sources */,
			);
			runOnlyForDeploymentPostprocessing = 0;
		};
		D5AC113C224EA96F0054C079 /* Sources */ = {
			isa = PBXSourcesBuildPhase;
			buildActionMask = 2147483647;
			files = (
				D5AC1145224EA9700054C079 /* ClassQuoteUITests.swift in Sources */,
			);
			runOnlyForDeploymentPostprocessing = 0;
		};
/* End PBXSourcesBuildPhase section */

/* Begin PBXTargetDependency section */
		D5AC1137224EA96F0054C079 /* PBXTargetDependency */ = {
			isa = PBXTargetDependency;
			target = D5AC1120224EA96D0054C079 /* ClassQuote */;
			targetProxy = D5AC1136224EA96F0054C079 /* PBXContainerItemProxy */;
		};
		D5AC1142224EA96F0054C079 /* PBXTargetDependency */ = {
			isa = PBXTargetDependency;
			target = D5AC1120224EA96D0054C079 /* ClassQuote */;
			targetProxy = D5AC1141224EA96F0054C079 /* PBXContainerItemProxy */;
		};
/* End PBXTargetDependency section */

/* Begin PBXVariantGroup section */
		D5AC1128224EA96D0054C079 /* Main.storyboard */ = {
			isa = PBXVariantGroup;
			children = (
				D5AC1129224EA96D0054C079 /* Base */,
			);
			name = Main.storyboard;
			sourceTree = "<group>";
		};
		D5AC112D224EA96F0054C079 /* LaunchScreen.storyboard */ = {
			isa = PBXVariantGroup;
			children = (
				D5AC112E224EA96F0054C079 /* Base */,
			);
			name = LaunchScreen.storyboard;
			sourceTree = "<group>";
		};
/* End PBXVariantGroup section */

/* Begin XCBuildConfiguration section */
		D5AC1147224EA9700054C079 /* Debug */ = {
			isa = XCBuildConfiguration;
			buildSettings = {
				ALWAYS_SEARCH_USER_PATHS = NO;
				CLANG_ANALYZER_NONNULL = YES;
				CLANG_ANALYZER_NUMBER_OBJECT_CONVERSION = YES_AGGRESSIVE;
				CLANG_CXX_LANGUAGE_STANDARD = "gnu++14";
				CLANG_CXX_LIBRARY = "libc++";
				CLANG_ENABLE_MODULES = YES;
				CLANG_ENABLE_OBJC_ARC = YES;
				CLANG_ENABLE_OBJC_WEAK = YES;
				CLANG_WARN_BLOCK_CAPTURE_AUTORELEASING = YES;
				CLANG_WARN_BOOL_CONVERSION = YES;
				CLANG_WARN_COMMA = YES;
				CLANG_WARN_CONSTANT_CONVERSION = YES;
				CLANG_WARN_DEPRECATED_OBJC_IMPLEMENTATIONS = YES;
				CLANG_WARN_DIRECT_OBJC_ISA_USAGE = YES_ERROR;
				CLANG_WARN_DOCUMENTATION_COMMENTS = YES;
				CLANG_WARN_EMPTY_BODY = YES;
				CLANG_WARN_ENUM_CONVERSION = YES;
				CLANG_WARN_INFINITE_RECURSION = YES;
				CLANG_WARN_INT_CONVERSION = YES;
				CLANG_WARN_NON_LITERAL_NULL_CONVERSION = YES;
				CLANG_WARN_OBJC_IMPLICIT_RETAIN_SELF = YES;
				CLANG_WARN_OBJC_LITERAL_CONVERSION = YES;
				CLANG_WARN_OBJC_ROOT_CLASS = YES_ERROR;
				CLANG_WARN_RANGE_LOOP_ANALYSIS = YES;
				CLANG_WARN_STRICT_PROTOTYPES = YES;
				CLANG_WARN_SUSPICIOUS_MOVE = YES;
				CLANG_WARN_UNGUARDED_AVAILABILITY = YES_AGGRESSIVE;
				CLANG_WARN_UNREACHABLE_CODE = YES;
				CLANG_WARN__DUPLICATE_METHOD_MATCH = YES;
				CODE_SIGN_IDENTITY = "iPhone Developer";
				COPY_PHASE_STRIP = NO;
				DEBUG_INFORMATION_FORMAT = dwarf;
				ENABLE_STRICT_OBJC_MSGSEND = YES;
				ENABLE_TESTABILITY = YES;
				GCC_C_LANGUAGE_STANDARD = gnu11;
				GCC_DYNAMIC_NO_PIC = NO;
				GCC_NO_COMMON_BLOCKS = YES;
				GCC_OPTIMIZATION_LEVEL = 0;
				GCC_PREPROCESSOR_DEFINITIONS = (
					"DEBUG=1",
					"$(inherited)",
				);
				GCC_WARN_64_TO_32_BIT_CONVERSION = YES;
				GCC_WARN_ABOUT_RETURN_TYPE = YES_ERROR;
				GCC_WARN_UNDECLARED_SELECTOR = YES;
				GCC_WARN_UNINITIALIZED_AUTOS = YES_AGGRESSIVE;
				GCC_WARN_UNUSED_FUNCTION = YES;
				GCC_WARN_UNUSED_VARIABLE = YES;
				IPHONEOS_DEPLOYMENT_TARGET = 12.2;
				MTL_ENABLE_DEBUG_INFO = INCLUDE_SOURCE;
				MTL_FAST_MATH = YES;
				ONLY_ACTIVE_ARCH = YES;
				SDKROOT = iphoneos;
				SWIFT_ACTIVE_COMPILATION_CONDITIONS = DEBUG;
				SWIFT_OPTIMIZATION_LEVEL = "-Onone";
			};
			name = Debug;
		};
		D5AC1148224EA9700054C079 /* Release */ = {
			isa = XCBuildConfiguration;
			buildSettings = {
				ALWAYS_SEARCH_USER_PATHS = NO;
				CLANG_ANALYZER_NONNULL = YES;
				CLANG_ANALYZER_NUMBER_OBJECT_CONVERSION = YES_AGGRESSIVE;
				CLANG_CXX_LANGUAGE_STANDARD = "gnu++14";
				CLANG_CXX_LIBRARY = "libc++";
				CLANG_ENABLE_MODULES = YES;
				CLANG_ENABLE_OBJC_ARC = YES;
				CLANG_ENABLE_OBJC_WEAK = YES;
				CLANG_WARN_BLOCK_CAPTURE_AUTORELEASING = YES;
				CLANG_WARN_BOOL_CONVERSION = YES;
				CLANG_WARN_COMMA = YES;
				CLANG_WARN_CONSTANT_CONVERSION = YES;
				CLANG_WARN_DEPRECATED_OBJC_IMPLEMENTATIONS = YES;
				CLANG_WARN_DIRECT_OBJC_ISA_USAGE = YES_ERROR;
				CLANG_WARN_DOCUMENTATION_COMMENTS = YES;
				CLANG_WARN_EMPTY_BODY = YES;
				CLANG_WARN_ENUM_CONVERSION = YES;
				CLANG_WARN_INFINITE_RECURSION = YES;
				CLANG_WARN_INT_CONVERSION = YES;
				CLANG_WARN_NON_LITERAL_NULL_CONVERSION = YES;
				CLANG_WARN_OBJC_IMPLICIT_RETAIN_SELF = YES;
				CLANG_WARN_OBJC_LITERAL_CONVERSION = YES;
				CLANG_WARN_OBJC_ROOT_CLASS = YES_ERROR;
				CLANG_WARN_RANGE_LOOP_ANALYSIS = YES;
				CLANG_WARN_STRICT_PROTOTYPES = YES;
				CLANG_WARN_SUSPICIOUS_MOVE = YES;
				CLANG_WARN_UNGUARDED_AVAILABILITY = YES_AGGRESSIVE;
				CLANG_WARN_UNREACHABLE_CODE = YES;
				CLANG_WARN__DUPLICATE_METHOD_MATCH = YES;
				CODE_SIGN_IDENTITY = "iPhone Developer";
				COPY_PHASE_STRIP = NO;
				DEBUG_INFORMATION_FORMAT = "dwarf-with-dsym";
				ENABLE_NS_ASSERTIONS = NO;
				ENABLE_STRICT_OBJC_MSGSEND = YES;
				GCC_C_LANGUAGE_STANDARD = gnu11;
				GCC_NO_COMMON_BLOCKS = YES;
				GCC_WARN_64_TO_32_BIT_CONVERSION = YES;
				GCC_WARN_ABOUT_RETURN_TYPE = YES_ERROR;
				GCC_WARN_UNDECLARED_SELECTOR = YES;
				GCC_WARN_UNINITIALIZED_AUTOS = YES_AGGRESSIVE;
				GCC_WARN_UNUSED_FUNCTION = YES;
				GCC_WARN_UNUSED_VARIABLE = YES;
				IPHONEOS_DEPLOYMENT_TARGET = 12.2;
				MTL_ENABLE_DEBUG_INFO = NO;
				MTL_FAST_MATH = YES;
				SDKROOT = iphoneos;
				SWIFT_COMPILATION_MODE = wholemodule;
				SWIFT_OPTIMIZATION_LEVEL = "-O";
				VALIDATE_PRODUCT = YES;
			};
			name = Release;
		};
		D5AC114A224EA9700054C079 /* Debug */ = {
			isa = XCBuildConfiguration;
			buildSettings = {
				ASSETCATALOG_COMPILER_APPICON_NAME = AppIcon;
				CODE_SIGN_STYLE = Automatic;
				DEVELOPMENT_TEAM = HB3HC8SJ9J;
				INFOPLIST_FILE = ClassQuote/Info.plist;
				LD_RUNPATH_SEARCH_PATHS = (
					"$(inherited)",
					"@executable_path/Frameworks",
				);
				PRODUCT_BUNDLE_IDENTIFIER = com.xenox.ClassQuote;
				PRODUCT_NAME = "$(TARGET_NAME)";
				SWIFT_VERSION = 5.0;
				TARGETED_DEVICE_FAMILY = "1,2";
			};
			name = Debug;
		};
		D5AC114B224EA9700054C079 /* Release */ = {
			isa = XCBuildConfiguration;
			buildSettings = {
				ASSETCATALOG_COMPILER_APPICON_NAME = AppIcon;
				CODE_SIGN_STYLE = Automatic;
				DEVELOPMENT_TEAM = HB3HC8SJ9J;
				INFOPLIST_FILE = ClassQuote/Info.plist;
				LD_RUNPATH_SEARCH_PATHS = (
					"$(inherited)",
					"@executable_path/Frameworks",
				);
				PRODUCT_BUNDLE_IDENTIFIER = com.xenox.ClassQuote;
				PRODUCT_NAME = "$(TARGET_NAME)";
				SWIFT_VERSION = 5.0;
				TARGETED_DEVICE_FAMILY = "1,2";
			};
			name = Release;
		};
		D5AC114D224EA9700054C079 /* Debug */ = {
			isa = XCBuildConfiguration;
			buildSettings = {
				ALWAYS_EMBED_SWIFT_STANDARD_LIBRARIES = YES;
				BUNDLE_LOADER = "$(TEST_HOST)";
				CODE_SIGN_STYLE = Automatic;
				DEVELOPMENT_TEAM = HB3HC8SJ9J;
				INFOPLIST_FILE = ClassQuoteTests/Info.plist;
				LD_RUNPATH_SEARCH_PATHS = (
					"$(inherited)",
					"@executable_path/Frameworks",
					"@loader_path/Frameworks",
				);
				PRODUCT_BUNDLE_IDENTIFIER = com.xenox.ClassQuoteTests;
				PRODUCT_NAME = "$(TARGET_NAME)";
				SWIFT_VERSION = 5.0;
				TARGETED_DEVICE_FAMILY = "1,2";
				TEST_HOST = "$(BUILT_PRODUCTS_DIR)/ClassQuote.app/ClassQuote";
			};
			name = Debug;
		};
		D5AC114E224EA9700054C079 /* Release */ = {
			isa = XCBuildConfiguration;
			buildSettings = {
				ALWAYS_EMBED_SWIFT_STANDARD_LIBRARIES = YES;
				BUNDLE_LOADER = "$(TEST_HOST)";
				CODE_SIGN_STYLE = Automatic;
				DEVELOPMENT_TEAM = HB3HC8SJ9J;
				INFOPLIST_FILE = ClassQuoteTests/Info.plist;
				LD_RUNPATH_SEARCH_PATHS = (
					"$(inherited)",
					"@executable_path/Frameworks",
					"@loader_path/Frameworks",
				);
				PRODUCT_BUNDLE_IDENTIFIER = com.xenox.ClassQuoteTests;
				PRODUCT_NAME = "$(TARGET_NAME)";
				SWIFT_VERSION = 5.0;
				TARGETED_DEVICE_FAMILY = "1,2";
				TEST_HOST = "$(BUILT_PRODUCTS_DIR)/ClassQuote.app/ClassQuote";
			};
			name = Release;
		};
		D5AC1150224EA9700054C079 /* Debug */ = {
			isa = XCBuildConfiguration;
			buildSettings = {
				ALWAYS_EMBED_SWIFT_STANDARD_LIBRARIES = YES;
				CODE_SIGN_STYLE = Automatic;
				DEVELOPMENT_TEAM = HB3HC8SJ9J;
				INFOPLIST_FILE = ClassQuoteUITests/Info.plist;
				LD_RUNPATH_SEARCH_PATHS = (
					"$(inherited)",
					"@executable_path/Frameworks",
					"@loader_path/Frameworks",
				);
				PRODUCT_BUNDLE_IDENTIFIER = com.xenox.ClassQuoteUITests;
				PRODUCT_NAME = "$(TARGET_NAME)";
				SWIFT_VERSION = 5.0;
				TARGETED_DEVICE_FAMILY = "1,2";
				TEST_TARGET_NAME = ClassQuote;
			};
			name = Debug;
		};
		D5AC1151224EA9700054C079 /* Release */ = {
			isa = XCBuildConfiguration;
			buildSettings = {
				ALWAYS_EMBED_SWIFT_STANDARD_LIBRARIES = YES;
				CODE_SIGN_STYLE = Automatic;
				DEVELOPMENT_TEAM = HB3HC8SJ9J;
				INFOPLIST_FILE = ClassQuoteUITests/Info.plist;
				LD_RUNPATH_SEARCH_PATHS = (
					"$(inherited)",
					"@executable_path/Frameworks",
					"@loader_path/Frameworks",
				);
				PRODUCT_BUNDLE_IDENTIFIER = com.xenox.ClassQuoteUITests;
				PRODUCT_NAME = "$(TARGET_NAME)";
				SWIFT_VERSION = 5.0;
				TARGETED_DEVICE_FAMILY = "1,2";
				TEST_TARGET_NAME = ClassQuote;
			};
			name = Release;
		};
/* End XCBuildConfiguration section */

/* Begin XCConfigurationList section */
		D5AC111C224EA96D0054C079 /* Build configuration list for PBXProject "ClassQuote" */ = {
			isa = XCConfigurationList;
			buildConfigurations = (
				D5AC1147224EA9700054C079 /* Debug */,
				D5AC1148224EA9700054C079 /* Release */,
			);
			defaultConfigurationIsVisible = 0;
			defaultConfigurationName = Release;
		};
		D5AC1149224EA9700054C079 /* Build configuration list for PBXNativeTarget "ClassQuote" */ = {
			isa = XCConfigurationList;
			buildConfigurations = (
				D5AC114A224EA9700054C079 /* Debug */,
				D5AC114B224EA9700054C079 /* Release */,
			);
			defaultConfigurationIsVisible = 0;
			defaultConfigurationName = Release;
		};
		D5AC114C224EA9700054C079 /* Build configuration list for PBXNativeTarget "ClassQuoteTests" */ = {
			isa = XCConfigurationList;
			buildConfigurations = (
				D5AC114D224EA9700054C079 /* Debug */,
				D5AC114E224EA9700054C079 /* Release */,
			);
			defaultConfigurationIsVisible = 0;
			defaultConfigurationName = Release;
		};
		D5AC114F224EA9700054C079 /* Build configuration list for PBXNativeTarget "ClassQuoteUITests" */ = {
			isa = XCConfigurationList;
			buildConfigurations = (
				D5AC1150224EA9700054C079 /* Debug */,
				D5AC1151224EA9700054C079 /* Release */,
			);
			defaultConfigurationIsVisible = 0;
			defaultConfigurationName = Release;
		};
/* End XCConfigurationList section */
	};
	rootObject = D5AC1119224EA96D0054C079 /* Project object */;
}
